
Microsoft Visual Studio Solution File, Format Version 12.00
# Visual Studio Version 17
VisualStudioVersion = 17.10.35122.118
MinimumVisualStudioVersion = 10.0.40219.1
Project("{9A19103F-16F7-4668-BE54-9A1E7A4F7556}") = "portafolio", "portafolio\portafolio.csproj", "{048A5F91-EE59-402F-A1A7-CB693C7EED3A}"
EndProject
Global
	GlobalSection(SolutionConfigurationPlatforms) = preSolution
		Debug|Any CPU = Debug|Any CPU
		Release|Any CPU = Release|Any CPU
	EndGlobalSection
	GlobalSection(ProjectConfigurationPlatforms) = postSolution
		{048A5F91-EE59-402F-A1A7-CB693C7EED3A}.Debug|Any CPU.ActiveCfg = Debug|Any CPU
		{048A5F91-EE59-402F-A1A7-CB693C7EED3A}.Debug|Any CPU.Build.0 = Debug|Any CPU
		{048A5F91-EE59-402F-A1A7-CB693C7EED3A}.Release|Any CPU.ActiveCfg = Release|Any CPU
		{048A5F91-EE59-402F-A1A7-CB693C7EED3A}.Release|Any CPU.Build.0 = Release|Any CPU
	EndGlobalSection
	GlobalSection(SolutionProperties) = preSolution
		HideSolutionNode = FALSE
	EndGlobalSection
	GlobalSection(ExtensibilityGlobals) = postSolution
		SolutionGuid = {F6578EC5-DFE5-4E71-8C1D-703FBE8A7E04}
	EndGlobalSection
EndGlobal
